
Microsoft Visual Studio Solution File, Format Version 12.00
# Visual Studio Version 16
VisualStudioVersion = 16.0.31702.278
MinimumVisualStudioVersion = 10.0.40219.1
Project("{FAE04EC0-301F-11D3-BF4B-00C04F79EFBC}") = "SpecFlowProject_PetStore", "SpecFlowProject_PetStore.csproj", "{EB2A4419-4414-4268-A224-3F7C636FFA41}"
EndProject
Global
	GlobalSection(SolutionConfigurationPlatforms) = preSolution
		Debug|Any CPU = Debug|Any CPU
		Release|Any CPU = Release|Any CPU
	EndGlobalSection
	GlobalSection(ProjectConfigurationPlatforms) = postSolution
		{EB2A4419-4414-4268-A224-3F7C636FFA41}.Debug|Any CPU.ActiveCfg = Debug|Any CPU
		{EB2A4419-4414-4268-A224-3F7C636FFA41}.Debug|Any CPU.Build.0 = Debug|Any CPU
		{EB2A4419-4414-4268-A224-3F7C636FFA41}.Release|Any CPU.ActiveCfg = Release|Any CPU
		{EB2A4419-4414-4268-A224-3F7C636FFA41}.Release|Any CPU.Build.0 = Release|Any CPU
	EndGlobalSection
	GlobalSection(SolutionProperties) = preSolution
		HideSolutionNode = FALSE
	EndGlobalSection
	GlobalSection(ExtensibilityGlobals) = postSolution
		SolutionGuid = {292A3108-50B8-4C45-A7D0-10D54FC82853}
	EndGlobalSection
EndGlobal
